{
  "name": "Kumpe3D",
  "lockfileVersion": 3,
  "requires": true,
  "packages": {
    "": {
      "dependencies": {
        "@stripe/stripe-js": "^2.1.6"
      }
    },
    "node_modules/@stripe/stripe-js": {
      "version": "2.1.6",
      "resolved": "https://registry.npmjs.org/@stripe/stripe-js/-/stripe-js-2.1.6.tgz",
      "integrity": "sha512-QSzqQIcowgap7a40f3a7oUR+59Xet/i8fp1EsnzzwxK5oPRQsCbbLQ4Cd6qM0y1pdZMonFnCrAWayWdE9Lr0iA=="
    }
  }
}
